
Microsoft Visual Studio Solution File, Format Version 12.00
# Visual Studio Version 17
VisualStudioVersion = 17.8.34330.188
MinimumVisualStudioVersion = 10.0.40219.1
Project("{FAE04EC0-301F-11D3-BF4B-00C04F79EFBC}") = "RedisDemo3", "RedisDemo3\RedisDemo3.csproj", "{A8C03BA9-180C-48D1-8721-F4D8D5ECA15B}"
EndProject
Project("{E53339B2-1760-4266-BCC7-CA923CBCF16C}") = "docker-compose", "docker-compose.dcproj", "{A3E395CB-FE45-4472-8605-DB361E4A0AA2}"
EndProject
Global
	GlobalSection(SolutionConfigurationPlatforms) = preSolution
		Debug|Any CPU = Debug|Any CPU
		Release|Any CPU = Release|Any CPU
	EndGlobalSection
	GlobalSection(ProjectConfigurationPlatforms) = postSolution
		{A8C03BA9-180C-48D1-8721-F4D8D5ECA15B}.Debug|Any CPU.ActiveCfg = Debug|Any CPU
		{A8C03BA9-180C-48D1-8721-F4D8D5ECA15B}.Debug|Any CPU.Build.0 = Debug|Any CPU
		{A8C03BA9-180C-48D1-8721-F4D8D5ECA15B}.Release|Any CPU.ActiveCfg = Release|Any CPU
		{A8C03BA9-180C-48D1-8721-F4D8D5ECA15B}.Release|Any CPU.Build.0 = Release|Any CPU
		{A3E395CB-FE45-4472-8605-DB361E4A0AA2}.Debug|Any CPU.ActiveCfg = Debug|Any CPU
		{A3E395CB-FE45-4472-8605-DB361E4A0AA2}.Debug|Any CPU.Build.0 = Debug|Any CPU
		{A3E395CB-FE45-4472-8605-DB361E4A0AA2}.Release|Any CPU.ActiveCfg = Release|Any CPU
		{A3E395CB-FE45-4472-8605-DB361E4A0AA2}.Release|Any CPU.Build.0 = Release|Any CPU
	EndGlobalSection
	GlobalSection(SolutionProperties) = preSolution
		HideSolutionNode = FALSE
	EndGlobalSection
	GlobalSection(ExtensibilityGlobals) = postSolution
		SolutionGuid = {2A7EF331-CE2C-46BF-8392-6AF23C4FB635}
	EndGlobalSection
EndGlobal
